
Microsoft Visual Studio Solution File, Format Version 12.00
# Visual Studio Version 17
VisualStudioVersion = 17.14.36310.24 d17.14
MinimumVisualStudioVersion = 10.0.40219.1
Project("{FAE04EC0-301F-11D3-BF4B-00C04F79EFBC}") = "BankSystem", "BankSystem\BankSystem.csproj", "{630F8AAD-F82A-4A1B-BD34-2F1420E3043E}"
EndProject
Global
	GlobalSection(SolutionConfigurationPlatforms) = preSolution
		Debug|Any CPU = Debug|Any CPU
		Release|Any CPU = Release|Any CPU
	EndGlobalSection
	GlobalSection(ProjectConfigurationPlatforms) = postSolution
		{630F8AAD-F82A-4A1B-BD34-2F1420E3043E}.Debug|Any CPU.ActiveCfg = Debug|Any CPU
		{630F8AAD-F82A-4A1B-BD34-2F1420E3043E}.Debug|Any CPU.Build.0 = Debug|Any CPU
		{630F8AAD-F82A-4A1B-BD34-2F1420E3043E}.Release|Any CPU.ActiveCfg = Release|Any CPU
		{630F8AAD-F82A-4A1B-BD34-2F1420E3043E}.Release|Any CPU.Build.0 = Release|Any CPU
	EndGlobalSection
	GlobalSection(SolutionProperties) = preSolution
		HideSolutionNode = FALSE
	EndGlobalSection
	GlobalSection(ExtensibilityGlobals) = postSolution
		SolutionGuid = {E4768FD5-46FE-4EAB-AB30-632E2B5947D5}
	EndGlobalSection
EndGlobal
